
Microsoft Visual Studio Solution File, Format Version 12.00
# Visual Studio 15
VisualStudioVersion = 15.0.34829.251
MinimumVisualStudioVersion = 10.0.40219.1
Project("{8BC9CEB8-8B4A-11D0-8D11-00A0C91BC942}") = "ConsoleApplication8", "ConsoleApplication8\ConsoleApplication8.vcxproj", "{4DFFC157-8556-4486-837A-F8A077DB4386}"
EndProject
Global
	GlobalSection(SolutionConfigurationPlatforms) = preSolution
		Debug|x64 = Debug|x64
		Debug|x86 = Debug|x86
		Release|x64 = Release|x64
		Release|x86 = Release|x86
	EndGlobalSection
	GlobalSection(ProjectConfigurationPlatforms) = postSolution
		{4DFFC157-8556-4486-837A-F8A077DB4386}.Debug|x64.ActiveCfg = Debug|x64
		{4DFFC157-8556-4486-837A-F8A077DB4386}.Debug|x64.Build.0 = Debug|x64
		{4DFFC157-8556-4486-837A-F8A077DB4386}.Debug|x86.ActiveCfg = Debug|Win32
		{4DFFC157-8556-4486-837A-F8A077DB4386}.Debug|x86.Build.0 = Debug|Win32
		{4DFFC157-8556-4486-837A-F8A077DB4386}.Release|x64.ActiveCfg = Release|x64
		{4DFFC157-8556-4486-837A-F8A077DB4386}.Release|x64.Build.0 = Release|x64
		{4DFFC157-8556-4486-837A-F8A077DB4386}.Release|x86.ActiveCfg = Release|Win32
		{4DFFC157-8556-4486-837A-F8A077DB4386}.Release|x86.Build.0 = Release|Win32
	EndGlobalSection
	GlobalSection(SolutionProperties) = preSolution
		HideSolutionNode = FALSE
	EndGlobalSection
	GlobalSection(ExtensibilityGlobals) = postSolution
		SolutionGuid = {8C3C5D7B-B0D4-425C-A44E-4BE584ECFFA5}
	EndGlobalSection
EndGlobal
